
Microsoft Visual Studio Solution File, Format Version 12.00
# Visual Studio 15
VisualStudioVersion = 15.0.28307.539
MinimumVisualStudioVersion = 10.0.40219.1
Project("{8BC9CEB8-8B4A-11D0-8D11-00A0C91BC942}") = "Project1", "Project1\Project1.vcxproj", "{86810CCF-A257-42B5-9E19-C6BD905DE6DC}"
EndProject
Global
	GlobalSection(SolutionConfigurationPlatforms) = preSolution
		Debug|x64 = Debug|x64
		Debug|x86 = Debug|x86
		Release|x64 = Release|x64
		Release|x86 = Release|x86
	EndGlobalSection
	GlobalSection(ProjectConfigurationPlatforms) = postSolution
		{86810CCF-A257-42B5-9E19-C6BD905DE6DC}.Debug|x64.ActiveCfg = Debug|x64
		{86810CCF-A257-42B5-9E19-C6BD905DE6DC}.Debug|x64.Build.0 = Debug|x64
		{86810CCF-A257-42B5-9E19-C6BD905DE6DC}.Debug|x86.ActiveCfg = Debug|Win32
		{86810CCF-A257-42B5-9E19-C6BD905DE6DC}.Debug|x86.Build.0 = Debug|Win32
		{86810CCF-A257-42B5-9E19-C6BD905DE6DC}.Release|x64.ActiveCfg = Release|x64
		{86810CCF-A257-42B5-9E19-C6BD905DE6DC}.Release|x64.Build.0 = Release|x64
		{86810CCF-A257-42B5-9E19-C6BD905DE6DC}.Release|x86.ActiveCfg = Release|Win32
		{86810CCF-A257-42B5-9E19-C6BD905DE6DC}.Release|x86.Build.0 = Release|Win32
	EndGlobalSection
	GlobalSection(SolutionProperties) = preSolution
		HideSolutionNode = FALSE
	EndGlobalSection
	GlobalSection(ExtensibilityGlobals) = postSolution
		SolutionGuid = {C2C4BED7-839F-4467-98A1-77E16CFFD7FE}
	EndGlobalSection
EndGlobal
